
Microsoft Visual Studio Solution File, Format Version 12.00
# Visual Studio 2012
Project("{FAE04EC0-301F-11D3-BF4B-00C04F79EFBC}") = "Spreadsheet", "Spreadsheet\Spreadsheet.csproj", "{BBE0CA3A-3975-4CA9-B6B6-F8F7FD4AF466}"
EndProject
Project("{2150E333-8FDC-42A3-9474-1A3956D46DE8}") = "Solution Items", "Solution Items", "{623AE548-3BAE-4D96-BD01-1B876676D132}"
	ProjectSection(SolutionItems) = preProject
		Formula.dll = Formula.dll
		Formula.XML = Formula.XML
		..\..\..\..\Downloads\PS6.zip = ..\..\..\..\Downloads\PS6.zip
		SpreadsheetPanel.dll = SpreadsheetPanel.dll
		SpreadsheetPanel.XML = SpreadsheetPanel.XML
		SpreadsheetUtilities.dll = SpreadsheetUtilities.dll
		SpreadsheetUtilities.XML = SpreadsheetUtilities.XML
	EndProjectSection
EndProject
Project("{FAE04EC0-301F-11D3-BF4B-00C04F79EFBC}") = "SpreadsheetTests", "SpreadsheetTests\SpreadsheetTests.csproj", "{859AA0E9-6B7C-4BCD-A9F4-F4E798193553}"
EndProject
Project("{FAE04EC0-301F-11D3-BF4B-00C04F79EFBC}") = "SpreadsheetGUI", "SpreadsheetGUI\SpreadsheetGUI.csproj", "{68D5DD03-5F34-4FFF-AB5B-9D56DE92242E}"
EndProject
Project("{FAE04EC0-301F-11D3-BF4B-00C04F79EFBC}") = "SpreadsheetClientModel", "SpreadsheetClientModel\SpreadsheetClientModel.csproj", "{947E3770-9B8A-4026-A324-0AB72ADA4B3F}"
EndProject
Project("{FAE04EC0-301F-11D3-BF4B-00C04F79EFBC}") = "StringSocket", "..\..\..\..\Downloads\PS7\PS7\PS7\StringSocket.csproj", "{70F2A7DD-B2DD-4157-BA09-2627B2F288E8}"
EndProject
Project("{FAE04EC0-301F-11D3-BF4B-00C04F79EFBC}") = "SpreadsheetController", "SpreadsheetController\SpreadsheetController.csproj", "{B32BC30B-E4C8-41C6-BC89-2345AD65832C}"
EndProject
Global
	GlobalSection(SubversionScc) = preSolution
		Svn-Managed = True
		Manager = AnkhSVN - Subversion Support for Visual Studio
	EndGlobalSection
	GlobalSection(SolutionConfigurationPlatforms) = preSolution
		Debug|Any CPU = Debug|Any CPU
		Release|Any CPU = Release|Any CPU
	EndGlobalSection
	GlobalSection(ProjectConfigurationPlatforms) = postSolution
		{BBE0CA3A-3975-4CA9-B6B6-F8F7FD4AF466}.Debug|Any CPU.ActiveCfg = Debug|Any CPU
		{BBE0CA3A-3975-4CA9-B6B6-F8F7FD4AF466}.Debug|Any CPU.Build.0 = Debug|Any CPU
		{BBE0CA3A-3975-4CA9-B6B6-F8F7FD4AF466}.Release|Any CPU.ActiveCfg = Release|Any CPU
		{BBE0CA3A-3975-4CA9-B6B6-F8F7FD4AF466}.Release|Any CPU.Build.0 = Release|Any CPU
		{859AA0E9-6B7C-4BCD-A9F4-F4E798193553}.Debug|Any CPU.ActiveCfg = Debug|Any CPU
		{859AA0E9-6B7C-4BCD-A9F4-F4E798193553}.Debug|Any CPU.Build.0 = Debug|Any CPU
		{859AA0E9-6B7C-4BCD-A9F4-F4E798193553}.Release|Any CPU.ActiveCfg = Release|Any CPU
		{859AA0E9-6B7C-4BCD-A9F4-F4E798193553}.Release|Any CPU.Build.0 = Release|Any CPU
		{68D5DD03-5F34-4FFF-AB5B-9D56DE92242E}.Debug|Any CPU.ActiveCfg = Debug|Any CPU
		{68D5DD03-5F34-4FFF-AB5B-9D56DE92242E}.Debug|Any CPU.Build.0 = Debug|Any CPU
		{68D5DD03-5F34-4FFF-AB5B-9D56DE92242E}.Release|Any CPU.ActiveCfg = Release|Any CPU
		{68D5DD03-5F34-4FFF-AB5B-9D56DE92242E}.Release|Any CPU.Build.0 = Release|Any CPU
		{947E3770-9B8A-4026-A324-0AB72ADA4B3F}.Debug|Any CPU.ActiveCfg = Debug|Any CPU
		{947E3770-9B8A-4026-A324-0AB72ADA4B3F}.Debug|Any CPU.Build.0 = Debug|Any CPU
		{947E3770-9B8A-4026-A324-0AB72ADA4B3F}.Release|Any CPU.ActiveCfg = Release|Any CPU
		{947E3770-9B8A-4026-A324-0AB72ADA4B3F}.Release|Any CPU.Build.0 = Release|Any CPU
		{70F2A7DD-B2DD-4157-BA09-2627B2F288E8}.Debug|Any CPU.ActiveCfg = Debug|Any CPU
		{70F2A7DD-B2DD-4157-BA09-2627B2F288E8}.Debug|Any CPU.Build.0 = Debug|Any CPU
		{70F2A7DD-B2DD-4157-BA09-2627B2F288E8}.Release|Any CPU.ActiveCfg = Release|Any CPU
		{70F2A7DD-B2DD-4157-BA09-2627B2F288E8}.Release|Any CPU.Build.0 = Release|Any CPU
		{B32BC30B-E4C8-41C6-BC89-2345AD65832C}.Debug|Any CPU.ActiveCfg = Debug|Any CPU
		{B32BC30B-E4C8-41C6-BC89-2345AD65832C}.Debug|Any CPU.Build.0 = Debug|Any CPU
		{B32BC30B-E4C8-41C6-BC89-2345AD65832C}.Release|Any CPU.ActiveCfg = Release|Any CPU
		{B32BC30B-E4C8-41C6-BC89-2345AD65832C}.Release|Any CPU.Build.0 = Release|Any CPU
	EndGlobalSection
	GlobalSection(SolutionProperties) = preSolution
		HideSolutionNode = FALSE
	EndGlobalSection
EndGlobal
